
Microsoft Visual Studio Solution File, Format Version 12.00
# Visual Studio 15
VisualStudioVersion = 15.0.27004.2005
MinimumVisualStudioVersion = 10.0.40219.1
Project("{E24C65DC-7377-472B-9ABA-BC803B73C61A}") = "Tsubasa", "Tsubasa", "{8860463E-CE23-4456-96DF-BBA6E7FFC121}"
	ProjectSection(WebsiteProperties) = preProject
		TargetFrameworkMoniker = ".NETFramework,Version%3Dv4.6.1"
		Debug.AspNetCompiler.VirtualPath = "/localhost_4801"
		Debug.AspNetCompiler.PhysicalPath = "..\Tsubasa\"
		Debug.AspNetCompiler.TargetPath = "PrecompiledWeb\localhost_4801\"
		Debug.AspNetCompiler.Updateable = "true"
		Debug.AspNetCompiler.ForceOverwrite = "true"
		Debug.AspNetCompiler.FixedNames = "false"
		Debug.AspNetCompiler.Debug = "True"
		Release.AspNetCompiler.VirtualPath = "/localhost_4801"
		Release.AspNetCompiler.PhysicalPath = "..\Tsubasa\"
		Release.AspNetCompiler.TargetPath = "PrecompiledWeb\localhost_4801\"
		Release.AspNetCompiler.Updateable = "true"
		Release.AspNetCompiler.ForceOverwrite = "true"
		Release.AspNetCompiler.FixedNames = "false"
		Release.AspNetCompiler.Debug = "False"
		VWDPort = "4801"
		SlnRelativePath = "..\Tsubasa\"
		DefaultWebSiteLanguage = "Visual C#"
	EndProjectSection
EndProject
Global
	GlobalSection(SolutionConfigurationPlatforms) = preSolution
		Debug|Any CPU = Debug|Any CPU
	EndGlobalSection
	GlobalSection(ProjectConfigurationPlatforms) = postSolution
		{8860463E-CE23-4456-96DF-BBA6E7FFC121}.Debug|Any CPU.ActiveCfg = Debug|Any CPU
		{8860463E-CE23-4456-96DF-BBA6E7FFC121}.Debug|Any CPU.Build.0 = Debug|Any CPU
	EndGlobalSection
	GlobalSection(SolutionProperties) = preSolution
		HideSolutionNode = FALSE
	EndGlobalSection
	GlobalSection(ExtensibilityGlobals) = postSolution
		SolutionGuid = {3B5B5381-F771-4149-A5CA-89BAB17A3949}
	EndGlobalSection
EndGlobal
